
Microsoft Visual Studio Solution File, Format Version 12.00
# Visual Studio Version 17
VisualStudioVersion = 17.13.35931.197
MinimumVisualStudioVersion = 10.0.40219.1
Project("{FAE04EC0-301F-11D3-BF4B-00C04F79EFBC}") = "OfflineUsbRepair", "OfflineUsbRepair.csproj", "{A7CA4F83-363B-48B7-9223-3EC94F381B5C}"
EndProject
Global
	GlobalSection(SolutionConfigurationPlatforms) = preSolution
		Debug|Any CPU = Debug|Any CPU
		Release|Any CPU = Release|Any CPU
	EndGlobalSection
	GlobalSection(ProjectConfigurationPlatforms) = postSolution
		{A7CA4F83-363B-48B7-9223-3EC94F381B5C}.Debug|Any CPU.ActiveCfg = Debug|Any CPU
		{A7CA4F83-363B-48B7-9223-3EC94F381B5C}.Debug|Any CPU.Build.0 = Debug|Any CPU
		{A7CA4F83-363B-48B7-9223-3EC94F381B5C}.Release|Any CPU.ActiveCfg = Release|Any CPU
		{A7CA4F83-363B-48B7-9223-3EC94F381B5C}.Release|Any CPU.Build.0 = Release|Any CPU
	EndGlobalSection
	GlobalSection(SolutionProperties) = preSolution
		HideSolutionNode = FALSE
	EndGlobalSection
	GlobalSection(ExtensibilityGlobals) = postSolution
		SolutionGuid = {16B35021-8C6D-487E-9A28-AB683808538D}
	EndGlobalSection
EndGlobal
